
Microsoft Visual Studio Solution File, Format Version 12.00
# Visual Studio Version 16
VisualStudioVersion = 16.0.30907.101
MinimumVisualStudioVersion = 10.0.40219.1
Project("{FAE04EC0-301F-11D3-BF4B-00C04F79EFBC}") = "S.H.I.E.L.D-Client", "S.H.I.E.L.D-Client\S.H.I.E.L.D-Client.csproj", "{24D0F57C-412C-442F-8BAF-4564A08E10E8}"
EndProject
Global
	GlobalSection(SolutionConfigurationPlatforms) = preSolution
		Debug|Any CPU = Debug|Any CPU
		Release|Any CPU = Release|Any CPU
	EndGlobalSection
	GlobalSection(ProjectConfigurationPlatforms) = postSolution
		{24D0F57C-412C-442F-8BAF-4564A08E10E8}.Debug|Any CPU.ActiveCfg = Debug|Any CPU
		{24D0F57C-412C-442F-8BAF-4564A08E10E8}.Debug|Any CPU.Build.0 = Debug|Any CPU
		{24D0F57C-412C-442F-8BAF-4564A08E10E8}.Release|Any CPU.ActiveCfg = Release|Any CPU
		{24D0F57C-412C-442F-8BAF-4564A08E10E8}.Release|Any CPU.Build.0 = Release|Any CPU
	EndGlobalSection
	GlobalSection(SolutionProperties) = preSolution
		HideSolutionNode = FALSE
	EndGlobalSection
	GlobalSection(ExtensibilityGlobals) = postSolution
		SolutionGuid = {352A8418-1AF6-4772-B997-3D1706BDBCE2}
	EndGlobalSection
EndGlobal
