
Microsoft Visual Studio Solution File, Format Version 12.00
# Visual Studio Version 16
VisualStudioVersion = 16.0.30907.101
MinimumVisualStudioVersion = 10.0.40219.1
Project("{FAE04EC0-301F-11D3-BF4B-00C04F79EFBC}") = "S.H.I.E.L.D-Server", "S.H.I.E.L.D-Server\S.H.I.E.L.D-Server.csproj", "{EADC3C87-7A20-4501-A1FA-9FD7D4BB1327}"
EndProject
Global
	GlobalSection(SolutionConfigurationPlatforms) = preSolution
		Debug|Any CPU = Debug|Any CPU
		Release|Any CPU = Release|Any CPU
	EndGlobalSection
	GlobalSection(ProjectConfigurationPlatforms) = postSolution
		{EADC3C87-7A20-4501-A1FA-9FD7D4BB1327}.Debug|Any CPU.ActiveCfg = Debug|Any CPU
		{EADC3C87-7A20-4501-A1FA-9FD7D4BB1327}.Debug|Any CPU.Build.0 = Debug|Any CPU
		{EADC3C87-7A20-4501-A1FA-9FD7D4BB1327}.Release|Any CPU.ActiveCfg = Release|Any CPU
		{EADC3C87-7A20-4501-A1FA-9FD7D4BB1327}.Release|Any CPU.Build.0 = Release|Any CPU
	EndGlobalSection
	GlobalSection(SolutionProperties) = preSolution
		HideSolutionNode = FALSE
	EndGlobalSection
	GlobalSection(ExtensibilityGlobals) = postSolution
		SolutionGuid = {BB82B262-C87F-41ED-BBBC-5D280B1E35B7}
	EndGlobalSection
EndGlobal
